
Microsoft Visual Studio Solution File, Format Version 12.00
# Visual Studio Version 17
VisualStudioVersion = 17.5.33516.290
MinimumVisualStudioVersion = 10.0.40219.1
Project("{8BC9CEB8-8B4A-11D0-8D11-00A0C91BC942}") = "119_Pointer", "119_Pointer\119_Pointer.vcxproj", "{37744821-AC76-4D47-9C9A-AA404D691F27}"
EndProject
Project("{8BC9CEB8-8B4A-11D0-8D11-00A0C91BC942}") = "pointer2", "pointer2\pointer2.vcxproj", "{A79D3CA3-2AB1-4B75-8E8F-02A3EF1CC700}"
EndProject
Project("{8BC9CEB8-8B4A-11D0-8D11-00A0C91BC942}") = "friendKelas", "friendKelas\friendKelas.vcxproj", "{EDA82999-6E79-4E24-B29E-B5EFAE8E36C5}"
EndProject
Global
	GlobalSection(SolutionConfigurationPlatforms) = preSolution
		Debug|x64 = Debug|x64
		Debug|x86 = Debug|x86
		Release|x64 = Release|x64
		Release|x86 = Release|x86
	EndGlobalSection
	GlobalSection(ProjectConfigurationPlatforms) = postSolution
		{37744821-AC76-4D47-9C9A-AA404D691F27}.Debug|x64.ActiveCfg = Debug|x64
		{37744821-AC76-4D47-9C9A-AA404D691F27}.Debug|x64.Build.0 = Debug|x64
		{37744821-AC76-4D47-9C9A-AA404D691F27}.Debug|x86.ActiveCfg = Debug|Win32
		{37744821-AC76-4D47-9C9A-AA404D691F27}.Debug|x86.Build.0 = Debug|Win32
		{37744821-AC76-4D47-9C9A-AA404D691F27}.Release|x64.ActiveCfg = Release|x64
		{37744821-AC76-4D47-9C9A-AA404D691F27}.Release|x64.Build.0 = Release|x64
		{37744821-AC76-4D47-9C9A-AA404D691F27}.Release|x86.ActiveCfg = Release|Win32
		{37744821-AC76-4D47-9C9A-AA404D691F27}.Release|x86.Build.0 = Release|Win32
		{A79D3CA3-2AB1-4B75-8E8F-02A3EF1CC700}.Debug|x64.ActiveCfg = Debug|x64
		{A79D3CA3-2AB1-4B75-8E8F-02A3EF1CC700}.Debug|x64.Build.0 = Debug|x64
		{A79D3CA3-2AB1-4B75-8E8F-02A3EF1CC700}.Debug|x86.ActiveCfg = Debug|Win32
		{A79D3CA3-2AB1-4B75-8E8F-02A3EF1CC700}.Debug|x86.Build.0 = Debug|Win32
		{A79D3CA3-2AB1-4B75-8E8F-02A3EF1CC700}.Release|x64.ActiveCfg = Release|x64
		{A79D3CA3-2AB1-4B75-8E8F-02A3EF1CC700}.Release|x64.Build.0 = Release|x64
		{A79D3CA3-2AB1-4B75-8E8F-02A3EF1CC700}.Release|x86.ActiveCfg = Release|Win32
		{A79D3CA3-2AB1-4B75-8E8F-02A3EF1CC700}.Release|x86.Build.0 = Release|Win32
		{EDA82999-6E79-4E24-B29E-B5EFAE8E36C5}.Debug|x64.ActiveCfg = Debug|x64
		{EDA82999-6E79-4E24-B29E-B5EFAE8E36C5}.Debug|x64.Build.0 = Debug|x64
		{EDA82999-6E79-4E24-B29E-B5EFAE8E36C5}.Debug|x86.ActiveCfg = Debug|Win32
		{EDA82999-6E79-4E24-B29E-B5EFAE8E36C5}.Debug|x86.Build.0 = Debug|Win32
		{EDA82999-6E79-4E24-B29E-B5EFAE8E36C5}.Release|x64.ActiveCfg = Release|x64
		{EDA82999-6E79-4E24-B29E-B5EFAE8E36C5}.Release|x64.Build.0 = Release|x64
		{EDA82999-6E79-4E24-B29E-B5EFAE8E36C5}.Release|x86.ActiveCfg = Release|Win32
		{EDA82999-6E79-4E24-B29E-B5EFAE8E36C5}.Release|x86.Build.0 = Release|Win32
	EndGlobalSection
	GlobalSection(SolutionProperties) = preSolution
		HideSolutionNode = FALSE
	EndGlobalSection
	GlobalSection(ExtensibilityGlobals) = postSolution
		SolutionGuid = {B358B9DC-5FBB-437C-AFC5-ECD975AB4CC7}
	EndGlobalSection
EndGlobal
